
Microsoft Visual Studio Solution File, Format Version 12.00
# Visual Studio Version 16
VisualStudioVersion = 16.0.810.6
MinimumVisualStudioVersion = 10.0.40219.1
Project("{FAE04EC0-301F-11D3-BF4B-00C04F79EFBC}") = "MediatrCQRS", "MediatrCQRS\MediatrCQRS.csproj", "{C3457C0E-C6F7-4366-B651-608E1159118C}"
EndProject
Project("{FAE04EC0-301F-11D3-BF4B-00C04F79EFBC}") = "Testowa", "Testowa\Testowa.csproj", "{73B99D82-F01D-47A7-B298-509C14819CDD}"
EndProject
Global
	GlobalSection(SolutionConfigurationPlatforms) = preSolution
		Debug|Any CPU = Debug|Any CPU
		Release|Any CPU = Release|Any CPU
	EndGlobalSection
	GlobalSection(ProjectConfigurationPlatforms) = postSolution
		{C3457C0E-C6F7-4366-B651-608E1159118C}.Debug|Any CPU.ActiveCfg = Debug|Any CPU
		{C3457C0E-C6F7-4366-B651-608E1159118C}.Debug|Any CPU.Build.0 = Debug|Any CPU
		{C3457C0E-C6F7-4366-B651-608E1159118C}.Release|Any CPU.ActiveCfg = Release|Any CPU
		{C3457C0E-C6F7-4366-B651-608E1159118C}.Release|Any CPU.Build.0 = Release|Any CPU
		{73B99D82-F01D-47A7-B298-509C14819CDD}.Debug|Any CPU.ActiveCfg = Debug|Any CPU
		{73B99D82-F01D-47A7-B298-509C14819CDD}.Debug|Any CPU.Build.0 = Debug|Any CPU
		{73B99D82-F01D-47A7-B298-509C14819CDD}.Release|Any CPU.ActiveCfg = Release|Any CPU
		{73B99D82-F01D-47A7-B298-509C14819CDD}.Release|Any CPU.Build.0 = Release|Any CPU
	EndGlobalSection
	GlobalSection(SolutionProperties) = preSolution
		HideSolutionNode = FALSE
	EndGlobalSection
	GlobalSection(ExtensibilityGlobals) = postSolution
		SolutionGuid = {B1FF32BE-6C9D-41AA-8E1E-2370B26362D2}
	EndGlobalSection
EndGlobal
